{
  "name": "DnD",
  "lockfileVersion": 2,
  "requires": true,
  "packages": {
    "": {
      "dependencies": {
        "axios": "^0.18.1",
        "react": "^17.0.2",
        "react-dom": "^17.0.2",
        "slate": "^0.71.0",
        "slate-history": "^0.66.0",
        "slate-react": "^0.71.0",
        "slate-vue": "^0.2.0",
        "textblock": "^0.12.3"
      }
    },
    "node_modules/@types/esrever": {
      "version": "0.2.0",
      "resolved": "https://registry.npmjs.org/@types/esrever/-/esrever-0.2.0.tgz",
      "integrity": "sha512-5NI6TeGzVEy/iBcuYtcPzzIC6EqlfQ2+UZ54vT0ulq8bPNGAy8UJD+XcsAyEOcnYFUjOVWuUV+k4/rVkxt9/XQ=="
    },
    "node_modules/@types/is-hotkey": {
      "version": "0.1.5",
      "resolved": "https://registry.npmjs.org/@types/is-hotkey/-/is-hotkey-0.1.5.tgz",
      "integrity": "sha512-pZTb6AsG7I56FJgYA8Cbit3cB3NGVwyHgwyUCENjXewTQChOtQaxaV+u6BO4hqtS1o9KT1wML+NRkGhQZ6swtA=="
    },
    "node_modules/@types/lodash": {
      "version": "4.14.177",
      "resolved": "https://registry.npmjs.org/@types/lodash/-/lodash-4.14.177.tgz",
      "integrity": "sha512-0fDwydE2clKe9MNfvXHBHF9WEahRuj+msTuQqOmAApNORFvhMYZKNGGJdCzuhheVjMps/ti0Ak/iJPACMaevvw=="
    },
    "node_modules/axios": {
      "version": "0.18.1",
      "resolved": "https://registry.npmjs.org/axios/-/axios-0.18.1.tgz",
      "integrity": "sha512-0BfJq4NSfQXd+SkFdrvFbG7addhYSBA2mQwISr46pD6E5iqkWg02RAs8vyTT/j0RTnoYmeXauBuSv1qKwR179g==",
      "deprecated": "Critical security vulnerability fixed in v0.21.1. For more information, see https://github.com/axios/axios/pull/3410",
      "dependencies": {
        "follow-redirects": "1.5.10",
        "is-buffer": "^2.0.2"
      }
    },
    "node_modules/compute-scroll-into-view": {
      "version": "1.0.17",
      "resolved": "https://registry.npmjs.org/compute-scroll-into-view/-/compute-scroll-into-view-1.0.17.tgz",
      "integrity": "sha512-j4dx+Fb0URmzbwwMUrhqWM2BEWHdFGx+qZ9qqASHRPqvTYdqvWnHg0H1hIbcyLnvgnoNAVMlwkepyqM3DaIFUg=="
    },
    "node_modules/debug": {
      "version": "3.1.0",
      "resolved": "https://registry.npmjs.org/debug/-/debug-3.1.0.tgz",
      "integrity": "sha512-OX8XqP7/1a9cqkxYw2yXss15f26NKWBpDXQd0/uK/KPqdQhxbPa994hnzjcE2VqQpDslf55723cKPUOGSmMY3g==",
      "dependencies": {
        "ms": "2.0.0"
      }
    },
    "node_modules/direction": {
      "version": "1.0.4",
      "resolved": "https://registry.npmjs.org/direction/-/direction-1.0.4.tgz",
      "integrity": "sha512-GYqKi1aH7PJXxdhTeZBFrg8vUBeKXi+cNprXsC1kpJcbcVnV9wBsrOu1cQEdG0WeQwlfHiy3XvnKfIrJ2R0NzQ==",
      "bin": {
        "direction": "cli.js"
      },
      "funding": {
        "type": "github",
        "url": "https://github.com/sponsors/wooorm"
      }
    },
    "node_modules/esrever": {
      "version": "0.2.0",
      "resolved": "https://registry.npmjs.org/esrever/-/esrever-0.2.0.tgz",
      "integrity": "sha1-lunSj08bGnZ4TNXUkOquAQ50B7g=",
      "bin": {
        "esrever": "bin/esrever"
      }
    },
    "node_modules/follow-redirects": {
      "version": "1.5.10",
      "resolved": "https://registry.npmjs.org/follow-redirects/-/follow-redirects-1.5.10.tgz",
      "integrity": "sha512-0V5l4Cizzvqt5D44aTXbFZz+FtyXV1vrDN6qrelxtfYQKW0KO0W2T/hkE8xvGa/540LkZlkaUjO4ailYTFtHVQ==",
      "dependencies": {
        "debug": "=3.1.0"
      },
      "engines": {
        "node": ">=4.0"
      }
    },
    "node_modules/immer": {
      "version": "9.0.7",
      "resolved": "https://registry.npmjs.org/immer/-/immer-9.0.7.tgz",
      "integrity": "sha512-KGllzpbamZDvOIxnmJ0jI840g7Oikx58lBPWV0hUh7dtAyZpFqqrBZdKka5GlTwMTZ1Tjc/bKKW4VSFAt6BqMA==",
      "funding": {
        "type": "opencollective",
        "url": "https://opencollective.com/immer"
      }
    },
    "node_modules/is-buffer": {
      "version": "2.0.5",
      "resolved": "https://registry.npmjs.org/is-buffer/-/is-buffer-2.0.5.tgz",
      "integrity": "sha512-i2R6zNFDwgEHJyQUtJEk0XFi1i0dPFn/oqjK3/vPCcDeJvW5NQ83V8QbicfF1SupOaB0h8ntgBC2YiE7dfyctQ==",
      "funding": [
        {
          "type": "github",
          "url": "https://github.com/sponsors/feross"
        },
        {
          "type": "patreon",
          "url": "https://www.patreon.com/feross"
        },
        {
          "type": "consulting",
          "url": "https://feross.org/support"
        }
      ],
      "engines": {
        "node": ">=4"
      }
    },
    "node_modules/is-hotkey": {
      "version": "0.1.8",
      "resolved": "https://registry.npmjs.org/is-hotkey/-/is-hotkey-0.1.8.tgz",
      "integrity": "sha512-qs3NZ1INIS+H+yeo7cD9pDfwYV/jqRh1JG9S9zYrNudkoUQg7OL7ziXqRKu+InFjUIDoP2o6HIkLYMh1pcWgyQ=="
    },
    "node_modules/is-plain-object": {
      "version": "5.0.0",
      "resolved": "https://registry.npmjs.org/is-plain-object/-/is-plain-object-5.0.0.tgz",
      "integrity": "sha512-VRSzKkbMm5jMDoKLbltAkFQ5Qr7VDiTFGXxYFXXowVj387GeGNOCsOH6Msy00SGZ3Fp84b1Naa1psqgcCIEP5Q==",
      "engines": {
        "node": ">=0.10.0"
      }
    },
    "node_modules/js-tokens": {
      "version": "4.0.0",
      "resolved": "https://registry.npmjs.org/js-tokens/-/js-tokens-4.0.0.tgz",
      "integrity": "sha512-RdJUflcE3cUzKiMqQgsCu06FPu9UdIJO0beYbPhHN4k6apgJtifcoCtT9bcxOpYBtpD2kCM6Sbzg4CausW/PKQ=="
    },
    "node_modules/lodash": {
      "version": "4.17.21",
      "resolved": "https://registry.npmjs.org/lodash/-/lodash-4.17.21.tgz",
      "integrity": "sha512-v2kDEe57lecTulaDIuNTPy3Ry4gLGJ6Z1O3vE1krgXZNrsQ+LFTGHVxVjcXPs17LhbZVGedAJv8XZ1tvj5FvSg=="
    },
    "node_modules/loose-envify": {
      "version": "1.4.0",
      "resolved": "https://registry.npmjs.org/loose-envify/-/loose-envify-1.4.0.tgz",
      "integrity": "sha512-lyuxPGr/Wfhrlem2CL/UcnUc1zcqKAImBDzukY7Y5F/yQiNdko6+fRLevlw1HgMySw7f611UIY408EtxRSoK3Q==",
      "dependencies": {
        "js-tokens": "^3.0.0 || ^4.0.0"
      },
      "bin": {
        "loose-envify": "cli.js"
      }
    },
    "node_modules/ms": {
      "version": "2.0.0",
      "resolved": "https://registry.npmjs.org/ms/-/ms-2.0.0.tgz",
      "integrity": "sha1-VgiurfwAvmwpAd9fmGF4jeDVl8g="
    },
    "node_modules/object-assign": {
      "version": "4.1.1",
      "resolved": "https://registry.npmjs.org/object-assign/-/object-assign-4.1.1.tgz",
      "integrity": "sha1-IQmtx5ZYh8/AXLvUQsrIv7s2CGM=",
      "engines": {
        "node": ">=0.10.0"
      }
    },
    "node_modules/react": {
      "version": "17.0.2",
      "resolved": "https://registry.npmjs.org/react/-/react-17.0.2.tgz",
      "integrity": "sha512-gnhPt75i/dq/z3/6q/0asP78D0u592D5L1pd7M8P+dck6Fu/jJeL6iVVK23fptSUZj8Vjf++7wXA8UNclGQcbA==",
      "dependencies": {
        "loose-envify": "^1.1.0",
        "object-assign": "^4.1.1"
      },
      "engines": {
        "node": ">=0.10.0"
      }
    },
    "node_modules/react-dom": {
      "version": "17.0.2",
      "resolved": "https://registry.npmjs.org/react-dom/-/react-dom-17.0.2.tgz",
      "integrity": "sha512-s4h96KtLDUQlsENhMn1ar8t2bEa+q/YAtj8pPPdIjPDGBDIVNsrD9aXNWqspUe6AzKCIG0C1HZZLqLV7qpOBGA==",
      "dependencies": {
        "loose-envify": "^1.1.0",
        "object-assign": "^4.1.1",
        "scheduler": "^0.20.2"
      },
      "peerDependencies": {
        "react": "17.0.2"
      }
    },
    "node_modules/scheduler": {
      "version": "0.20.2",
      "resolved": "https://registry.npmjs.org/scheduler/-/scheduler-0.20.2.tgz",
      "integrity": "sha512-2eWfGgAqqWFGqtdMmcL5zCMK1U8KlXv8SQFGglL3CEtd0aDVDWgeF/YoCmvln55m5zSk3J/20hTaSBeSObsQDQ==",
      "dependencies": {
        "loose-envify": "^1.1.0",
        "object-assign": "^4.1.1"
      }
    },
    "node_modules/scroll-into-view-if-needed": {
      "version": "2.2.28",
      "resolved": "https://registry.npmjs.org/scroll-into-view-if-needed/-/scroll-into-view-if-needed-2.2.28.tgz",
      "integrity": "sha512-8LuxJSuFVc92+0AdNv4QOxRL4Abeo1DgLnGNkn1XlaujPH/3cCFz3QI60r2VNu4obJJROzgnIUw5TKQkZvZI1w==",
      "dependencies": {
        "compute-scroll-into-view": "^1.0.17"
      }
    },
    "node_modules/slate": {
      "version": "0.71.0",
      "resolved": "https://registry.npmjs.org/slate/-/slate-0.71.0.tgz",
      "integrity": "sha512-DKK7Fk9UzCgN31X7safnJE0i9CbXv9pdnwTyt3NYak9xDFTltv27U+z9NCyi9M5ahqEK2fO5hjjDzPBuPOSRLQ==",
      "dependencies": {
        "immer": "^9.0.6",
        "is-plain-object": "^5.0.0",
        "tiny-warning": "^1.0.3"
      }
    },
    "node_modules/slate-history": {
      "version": "0.66.0",
      "resolved": "https://registry.npmjs.org/slate-history/-/slate-history-0.66.0.tgz",
      "integrity": "sha512-6MWpxGQZiMvSINlCbMW43E2YBSVMCMCIwQfBzGssjWw4kb0qfvj0pIdblWNRQZD0hR6WHP+dHHgGSeVdMWzfng==",
      "dependencies": {
        "is-plain-object": "^5.0.0"
      },
      "peerDependencies": {
        "slate": ">=0.65.3"
      }
    },
    "node_modules/slate-react": {
      "version": "0.71.0",
      "resolved": "https://registry.npmjs.org/slate-react/-/slate-react-0.71.0.tgz",
      "integrity": "sha512-UgryclHduQyOUAtoCk/05/4z6CMSURV+WyTwNMJZB10QDVviI78LsLCWstSo0jDlewM8KAX150s3aC2EZwH70w==",
      "dependencies": {
        "@types/is-hotkey": "^0.1.1",
        "@types/lodash": "^4.14.149",
        "direction": "^1.0.3",
        "is-hotkey": "^0.1.6",
        "is-plain-object": "^5.0.0",
        "lodash": "^4.17.4",
        "scroll-into-view-if-needed": "^2.2.20",
        "tiny-invariant": "1.0.6"
      },
      "peerDependencies": {
        "react": ">=16.8.0",
        "react-dom": ">=16.8.0",
        "slate": ">=0.65.3"
      }
    },
    "node_modules/slate-vue": {
      "version": "0.2.0",
      "resolved": "https://registry.npmjs.org/slate-vue/-/slate-vue-0.2.0.tgz",
      "integrity": "sha512-BSk541b/sF6kgnYqwxqQCLw34GpUmwci+cYFeHT/+upuIief/IkdBu9cjMFjMqniRaaXdpa/1DDjwltxvkzgPg==",
      "dependencies": {
        "direction": "^1.0.4",
        "is-hotkey": "^0.1.6",
        "slate": "^0.59.0",
        "vue": "^2.6.11",
        "vue-tsx-support": "^3.0.0"
      }
    },
    "node_modules/slate-vue/node_modules/immer": {
      "version": "5.3.6",
      "resolved": "https://registry.npmjs.org/immer/-/immer-5.3.6.tgz",
      "integrity": "sha512-pqWQ6ozVfNOUDjrLfm4Pt7q4Q12cGw2HUZgry4Q5+Myxu9nmHRkWBpI0J4+MK0AxbdFtdMTwEGVl7Vd+vEiK+A==",
      "funding": {
        "type": "opencollective",
        "url": "https://opencollective.com/immer"
      }
    },
    "node_modules/slate-vue/node_modules/is-plain-object": {
      "version": "3.0.1",
      "resolved": "https://registry.npmjs.org/is-plain-object/-/is-plain-object-3.0.1.tgz",
      "integrity": "sha512-Xnpx182SBMrr/aBik8y+GuR4U1L9FqMSojwDQwPMmxyC6bvEqly9UBCxhauBF5vNh2gwWJNX6oDV7O+OM4z34g==",
      "engines": {
        "node": ">=0.10.0"
      }
    },
    "node_modules/slate-vue/node_modules/slate": {
      "version": "0.59.0",
      "resolved": "https://registry.npmjs.org/slate/-/slate-0.59.0.tgz",
      "integrity": "sha512-M4UTMkXExxuq8tCD+knn7BtV2pmY8pepay++EF59rmg/v4RB6X1gNzA0xP3aw2rqYl8TmWdOBdy9InFrm3WyXw==",
      "dependencies": {
        "@types/esrever": "^0.2.0",
        "esrever": "^0.2.0",
        "immer": "^5.0.0",
        "is-plain-object": "^3.0.0",
        "tiny-warning": "^1.0.3"
      }
    },
    "node_modules/textblock": {
      "version": "0.12.3",
      "resolved": "https://registry.npmjs.org/textblock/-/textblock-0.12.3.tgz",
      "integrity": "sha512-UhgrqmaiQoJ5K26eY4H0zLZ2EhW5oKa4JnzXHqZk6sfLRJoQyCg7buVl+XJfBVr+uWyeaqfCyFFLxpKWB/i+bA=="
    },
    "node_modules/tiny-invariant": {
      "version": "1.0.6",
      "resolved": "https://registry.npmjs.org/tiny-invariant/-/tiny-invariant-1.0.6.tgz",
      "integrity": "sha512-FOyLWWVjG+aC0UqG76V53yAWdXfH8bO6FNmyZOuUrzDzK8DI3/JRY25UD7+g49JWM1LXwymsKERB+DzI0dTEQA=="
    },
    "node_modules/tiny-warning": {
      "version": "1.0.3",
      "resolved": "https://registry.npmjs.org/tiny-warning/-/tiny-warning-1.0.3.tgz",
      "integrity": "sha512-lBN9zLN/oAf68o3zNXYrdCt1kP8WsiGW8Oo2ka41b2IM5JL/S1CTyX1rW0mb/zSuJun0ZUrDxx4sqvYS2FWzPA=="
    },
    "node_modules/typescript": {
      "version": "4.5.2",
      "resolved": "https://registry.npmjs.org/typescript/-/typescript-4.5.2.tgz",
      "integrity": "sha512-5BlMof9H1yGt0P8/WF+wPNw6GfctgGjXp5hkblpyT+8rkASSmkUKMXrxR0Xg8ThVCi/JnHQiKXeBaEwCeQwMFw==",
      "peer": true,
      "bin": {
        "tsc": "bin/tsc",
        "tsserver": "bin/tsserver"
      },
      "engines": {
        "node": ">=4.2.0"
      }
    },
    "node_modules/vue": {
      "version": "2.6.14",
      "resolved": "https://registry.npmjs.org/vue/-/vue-2.6.14.tgz",
      "integrity": "sha512-x2284lgYvjOMj3Za7kqzRcUSxBboHqtgRE2zlos1qWaOye5yUmHn42LB1250NJBLRwEcdrB0JRwyPTEPhfQjiQ=="
    },
    "node_modules/vue-tsx-support": {
      "version": "3.2.0",
      "resolved": "https://registry.npmjs.org/vue-tsx-support/-/vue-tsx-support-3.2.0.tgz",
      "integrity": "sha512-Uc3i9deEvZeHKc43Lcsh1ihCWvG1yygFnbY1jMe49K+DWCmGgwYWUkD0mxdgPwAMc6gi23CRVkrJsvamfCvD7A==",
      "peerDependencies": {
        "typescript": ">=3.8.0",
        "vue": ">=2.6.0"
      }
    }
  },
  "dependencies": {
    "@types/esrever": {
      "version": "0.2.0",
      "resolved": "https://registry.npmjs.org/@types/esrever/-/esrever-0.2.0.tgz",
      "integrity": "sha512-5NI6TeGzVEy/iBcuYtcPzzIC6EqlfQ2+UZ54vT0ulq8bPNGAy8UJD+XcsAyEOcnYFUjOVWuUV+k4/rVkxt9/XQ=="
    },
    "@types/is-hotkey": {
      "version": "0.1.5",
      "resolved": "https://registry.npmjs.org/@types/is-hotkey/-/is-hotkey-0.1.5.tgz",
      "integrity": "sha512-pZTb6AsG7I56FJgYA8Cbit3cB3NGVwyHgwyUCENjXewTQChOtQaxaV+u6BO4hqtS1o9KT1wML+NRkGhQZ6swtA=="
    },
    "@types/lodash": {
      "version": "4.14.177",
      "resolved": "https://registry.npmjs.org/@types/lodash/-/lodash-4.14.177.tgz",
      "integrity": "sha512-0fDwydE2clKe9MNfvXHBHF9WEahRuj+msTuQqOmAApNORFvhMYZKNGGJdCzuhheVjMps/ti0Ak/iJPACMaevvw=="
    },
    "axios": {
      "version": "0.18.1",
      "resolved": "https://registry.npmjs.org/axios/-/axios-0.18.1.tgz",
      "integrity": "sha512-0BfJq4NSfQXd+SkFdrvFbG7addhYSBA2mQwISr46pD6E5iqkWg02RAs8vyTT/j0RTnoYmeXauBuSv1qKwR179g==",
      "requires": {
        "follow-redirects": "1.5.10",
        "is-buffer": "^2.0.2"
      }
    },
    "compute-scroll-into-view": {
      "version": "1.0.17",
      "resolved": "https://registry.npmjs.org/compute-scroll-into-view/-/compute-scroll-into-view-1.0.17.tgz",
      "integrity": "sha512-j4dx+Fb0URmzbwwMUrhqWM2BEWHdFGx+qZ9qqASHRPqvTYdqvWnHg0H1hIbcyLnvgnoNAVMlwkepyqM3DaIFUg=="
    },
    "debug": {
      "version": "3.1.0",
      "resolved": "https://registry.npmjs.org/debug/-/debug-3.1.0.tgz",
      "integrity": "sha512-OX8XqP7/1a9cqkxYw2yXss15f26NKWBpDXQd0/uK/KPqdQhxbPa994hnzjcE2VqQpDslf55723cKPUOGSmMY3g==",
      "requires": {
        "ms": "2.0.0"
      }
    },
    "direction": {
      "version": "1.0.4",
      "resolved": "https://registry.npmjs.org/direction/-/direction-1.0.4.tgz",
      "integrity": "sha512-GYqKi1aH7PJXxdhTeZBFrg8vUBeKXi+cNprXsC1kpJcbcVnV9wBsrOu1cQEdG0WeQwlfHiy3XvnKfIrJ2R0NzQ=="
    },
    "esrever": {
      "version": "0.2.0",
      "resolved": "https://registry.npmjs.org/esrever/-/esrever-0.2.0.tgz",
      "integrity": "sha1-lunSj08bGnZ4TNXUkOquAQ50B7g="
    },
    "follow-redirects": {
      "version": "1.5.10",
      "resolved": "https://registry.npmjs.org/follow-redirects/-/follow-redirects-1.5.10.tgz",
      "integrity": "sha512-0V5l4Cizzvqt5D44aTXbFZz+FtyXV1vrDN6qrelxtfYQKW0KO0W2T/hkE8xvGa/540LkZlkaUjO4ailYTFtHVQ==",
      "requires": {
        "debug": "=3.1.0"
      }
    },
    "immer": {
      "version": "9.0.7",
      "resolved": "https://registry.npmjs.org/immer/-/immer-9.0.7.tgz",
      "integrity": "sha512-KGllzpbamZDvOIxnmJ0jI840g7Oikx58lBPWV0hUh7dtAyZpFqqrBZdKka5GlTwMTZ1Tjc/bKKW4VSFAt6BqMA=="
    },
    "is-buffer": {
      "version": "2.0.5",
      "resolved": "https://registry.npmjs.org/is-buffer/-/is-buffer-2.0.5.tgz",
      "integrity": "sha512-i2R6zNFDwgEHJyQUtJEk0XFi1i0dPFn/oqjK3/vPCcDeJvW5NQ83V8QbicfF1SupOaB0h8ntgBC2YiE7dfyctQ=="
    },
    "is-hotkey": {
      "version": "0.1.8",
      "resolved": "https://registry.npmjs.org/is-hotkey/-/is-hotkey-0.1.8.tgz",
      "integrity": "sha512-qs3NZ1INIS+H+yeo7cD9pDfwYV/jqRh1JG9S9zYrNudkoUQg7OL7ziXqRKu+InFjUIDoP2o6HIkLYMh1pcWgyQ=="
    },
    "is-plain-object": {
      "version": "5.0.0",
      "resolved": "https://registry.npmjs.org/is-plain-object/-/is-plain-object-5.0.0.tgz",
      "integrity": "sha512-VRSzKkbMm5jMDoKLbltAkFQ5Qr7VDiTFGXxYFXXowVj387GeGNOCsOH6Msy00SGZ3Fp84b1Naa1psqgcCIEP5Q=="
    },
    "js-tokens": {
      "version": "4.0.0",
      "resolved": "https://registry.npmjs.org/js-tokens/-/js-tokens-4.0.0.tgz",
      "integrity": "sha512-RdJUflcE3cUzKiMqQgsCu06FPu9UdIJO0beYbPhHN4k6apgJtifcoCtT9bcxOpYBtpD2kCM6Sbzg4CausW/PKQ=="
    },
    "lodash": {
      "version": "4.17.21",
      "resolved": "https://registry.npmjs.org/lodash/-/lodash-4.17.21.tgz",
      "integrity": "sha512-v2kDEe57lecTulaDIuNTPy3Ry4gLGJ6Z1O3vE1krgXZNrsQ+LFTGHVxVjcXPs17LhbZVGedAJv8XZ1tvj5FvSg=="
    },
    "loose-envify": {
      "version": "1.4.0",
      "resolved": "https://registry.npmjs.org/loose-envify/-/loose-envify-1.4.0.tgz",
      "integrity": "sha512-lyuxPGr/Wfhrlem2CL/UcnUc1zcqKAImBDzukY7Y5F/yQiNdko6+fRLevlw1HgMySw7f611UIY408EtxRSoK3Q==",
      "requires": {
        "js-tokens": "^3.0.0 || ^4.0.0"
      }
    },
    "ms": {
      "version": "2.0.0",
      "resolved": "https://registry.npmjs.org/ms/-/ms-2.0.0.tgz",
      "integrity": "sha1-VgiurfwAvmwpAd9fmGF4jeDVl8g="
    },
    "object-assign": {
      "version": "4.1.1",
      "resolved": "https://registry.npmjs.org/object-assign/-/object-assign-4.1.1.tgz",
      "integrity": "sha1-IQmtx5ZYh8/AXLvUQsrIv7s2CGM="
    },
    "react": {
      "version": "17.0.2",
      "resolved": "https://registry.npmjs.org/react/-/react-17.0.2.tgz",
      "integrity": "sha512-gnhPt75i/dq/z3/6q/0asP78D0u592D5L1pd7M8P+dck6Fu/jJeL6iVVK23fptSUZj8Vjf++7wXA8UNclGQcbA==",
      "requires": {
        "loose-envify": "^1.1.0",
        "object-assign": "^4.1.1"
      }
    },
    "react-dom": {
      "version": "17.0.2",
      "resolved": "https://registry.npmjs.org/react-dom/-/react-dom-17.0.2.tgz",
      "integrity": "sha512-s4h96KtLDUQlsENhMn1ar8t2bEa+q/YAtj8pPPdIjPDGBDIVNsrD9aXNWqspUe6AzKCIG0C1HZZLqLV7qpOBGA==",
      "requires": {
        "loose-envify": "^1.1.0",
        "object-assign": "^4.1.1",
        "scheduler": "^0.20.2"
      }
    },
    "scheduler": {
      "version": "0.20.2",
      "resolved": "https://registry.npmjs.org/scheduler/-/scheduler-0.20.2.tgz",
      "integrity": "sha512-2eWfGgAqqWFGqtdMmcL5zCMK1U8KlXv8SQFGglL3CEtd0aDVDWgeF/YoCmvln55m5zSk3J/20hTaSBeSObsQDQ==",
      "requires": {
        "loose-envify": "^1.1.0",
        "object-assign": "^4.1.1"
      }
    },
    "scroll-into-view-if-needed": {
      "version": "2.2.28",
      "resolved": "https://registry.npmjs.org/scroll-into-view-if-needed/-/scroll-into-view-if-needed-2.2.28.tgz",
      "integrity": "sha512-8LuxJSuFVc92+0AdNv4QOxRL4Abeo1DgLnGNkn1XlaujPH/3cCFz3QI60r2VNu4obJJROzgnIUw5TKQkZvZI1w==",
      "requires": {
        "compute-scroll-into-view": "^1.0.17"
      }
    },
    "slate": {
      "version": "0.71.0",
      "resolved": "https://registry.npmjs.org/slate/-/slate-0.71.0.tgz",
      "integrity": "sha512-DKK7Fk9UzCgN31X7safnJE0i9CbXv9pdnwTyt3NYak9xDFTltv27U+z9NCyi9M5ahqEK2fO5hjjDzPBuPOSRLQ==",
      "requires": {
        "immer": "^9.0.6",
        "is-plain-object": "^5.0.0",
        "tiny-warning": "^1.0.3"
      }
    },
    "slate-history": {
      "version": "0.66.0",
      "resolved": "https://registry.npmjs.org/slate-history/-/slate-history-0.66.0.tgz",
      "integrity": "sha512-6MWpxGQZiMvSINlCbMW43E2YBSVMCMCIwQfBzGssjWw4kb0qfvj0pIdblWNRQZD0hR6WHP+dHHgGSeVdMWzfng==",
      "requires": {
        "is-plain-object": "^5.0.0"
      }
    },
    "slate-react": {
      "version": "0.71.0",
      "resolved": "https://registry.npmjs.org/slate-react/-/slate-react-0.71.0.tgz",
      "integrity": "sha512-UgryclHduQyOUAtoCk/05/4z6CMSURV+WyTwNMJZB10QDVviI78LsLCWstSo0jDlewM8KAX150s3aC2EZwH70w==",
      "requires": {
        "@types/is-hotkey": "^0.1.1",
        "@types/lodash": "^4.14.149",
        "direction": "^1.0.3",
        "is-hotkey": "^0.1.6",
        "is-plain-object": "^5.0.0",
        "lodash": "^4.17.4",
        "scroll-into-view-if-needed": "^2.2.20",
        "tiny-invariant": "1.0.6"
      }
    },
    "slate-vue": {
      "version": "0.2.0",
      "resolved": "https://registry.npmjs.org/slate-vue/-/slate-vue-0.2.0.tgz",
      "integrity": "sha512-BSk541b/sF6kgnYqwxqQCLw34GpUmwci+cYFeHT/+upuIief/IkdBu9cjMFjMqniRaaXdpa/1DDjwltxvkzgPg==",
      "requires": {
        "direction": "^1.0.4",
        "is-hotkey": "^0.1.6",
        "slate": "^0.59.0",
        "vue": "^2.6.11",
        "vue-tsx-support": "^3.0.0"
      },
      "dependencies": {
        "immer": {
          "version": "5.3.6",
          "resolved": "https://registry.npmjs.org/immer/-/immer-5.3.6.tgz",
          "integrity": "sha512-pqWQ6ozVfNOUDjrLfm4Pt7q4Q12cGw2HUZgry4Q5+Myxu9nmHRkWBpI0J4+MK0AxbdFtdMTwEGVl7Vd+vEiK+A=="
        },
        "is-plain-object": {
          "version": "3.0.1",
          "resolved": "https://registry.npmjs.org/is-plain-object/-/is-plain-object-3.0.1.tgz",
          "integrity": "sha512-Xnpx182SBMrr/aBik8y+GuR4U1L9FqMSojwDQwPMmxyC6bvEqly9UBCxhauBF5vNh2gwWJNX6oDV7O+OM4z34g=="
        },
        "slate": {
          "version": "0.59.0",
          "resolved": "https://registry.npmjs.org/slate/-/slate-0.59.0.tgz",
          "integrity": "sha512-M4UTMkXExxuq8tCD+knn7BtV2pmY8pepay++EF59rmg/v4RB6X1gNzA0xP3aw2rqYl8TmWdOBdy9InFrm3WyXw==",
          "requires": {
            "@types/esrever": "^0.2.0",
            "esrever": "^0.2.0",
            "immer": "^5.0.0",
            "is-plain-object": "^3.0.0",
            "tiny-warning": "^1.0.3"
          }
        }
      }
    },
    "textblock": {
      "version": "0.12.3",
      "resolved": "https://registry.npmjs.org/textblock/-/textblock-0.12.3.tgz",
      "integrity": "sha512-UhgrqmaiQoJ5K26eY4H0zLZ2EhW5oKa4JnzXHqZk6sfLRJoQyCg7buVl+XJfBVr+uWyeaqfCyFFLxpKWB/i+bA=="
    },
    "tiny-invariant": {
      "version": "1.0.6",
      "resolved": "https://registry.npmjs.org/tiny-invariant/-/tiny-invariant-1.0.6.tgz",
      "integrity": "sha512-FOyLWWVjG+aC0UqG76V53yAWdXfH8bO6FNmyZOuUrzDzK8DI3/JRY25UD7+g49JWM1LXwymsKERB+DzI0dTEQA=="
    },
    "tiny-warning": {
      "version": "1.0.3",
      "resolved": "https://registry.npmjs.org/tiny-warning/-/tiny-warning-1.0.3.tgz",
      "integrity": "sha512-lBN9zLN/oAf68o3zNXYrdCt1kP8WsiGW8Oo2ka41b2IM5JL/S1CTyX1rW0mb/zSuJun0ZUrDxx4sqvYS2FWzPA=="
    },
    "typescript": {
      "version": "4.5.2",
      "resolved": "https://registry.npmjs.org/typescript/-/typescript-4.5.2.tgz",
      "integrity": "sha512-5BlMof9H1yGt0P8/WF+wPNw6GfctgGjXp5hkblpyT+8rkASSmkUKMXrxR0Xg8ThVCi/JnHQiKXeBaEwCeQwMFw==",
      "peer": true
    },
    "vue": {
      "version": "2.6.14",
      "resolved": "https://registry.npmjs.org/vue/-/vue-2.6.14.tgz",
      "integrity": "sha512-x2284lgYvjOMj3Za7kqzRcUSxBboHqtgRE2zlos1qWaOye5yUmHn42LB1250NJBLRwEcdrB0JRwyPTEPhfQjiQ=="
    },
    "vue-tsx-support": {
      "version": "3.2.0",
      "resolved": "https://registry.npmjs.org/vue-tsx-support/-/vue-tsx-support-3.2.0.tgz",
      "integrity": "sha512-Uc3i9deEvZeHKc43Lcsh1ihCWvG1yygFnbY1jMe49K+DWCmGgwYWUkD0mxdgPwAMc6gi23CRVkrJsvamfCvD7A==",
      "requires": {}
    }
  }
}
